// !$*UTF8*$!
{
	archiveVersion = 1;
	classes = {
	};
	objectVersion = 50;
	objects = {

/* Begin PBXBuildFile section */
		67CA8DD424EE4CA50072B23E /* AppDelegate.swift in Sources */ = {isa = PBXBuildFile; fileRef = 67CA8DD324EE4CA50072B23E /* AppDelegate.swift */; };
		67CA8DD624EE4CA50072B23E /* SceneDelegate.swift in Sources */ = {isa = PBXBuildFile; fileRef = 67CA8DD524EE4CA50072B23E /* SceneDelegate.swift */; };
		67CA8DD824EE4CA50072B23E /* ViewController.swift in Sources */ = {isa = PBXBuildFile; fileRef = 67CA8DD724EE4CA50072B23E /* ViewController.swift */; };
		67CA8DDB24EE4CA50072B23E /* Main.storyboard in Resources */ = {isa = PBXBuildFile; fileRef = 67CA8DD924EE4CA50072B23E /* Main.storyboard */; };
		67CA8DDD24EE4CA70072B23E /* Assets.xcassets in Resources */ = {isa = PBXBuildFile; fileRef = 67CA8DDC24EE4CA70072B23E /* Assets.xcassets */; };
		67CA8DE024EE4CA70072B23E /* LaunchScreen.storyboard in Resources */ = {isa = PBXBuildFile; fileRef = 67CA8DDE24EE4CA70072B23E /* LaunchScreen.storyboard */; };
/* End PBXBuildFile section */

/* Begin PBXFileReference section */
		67CA8DD024EE4CA50072B23E /* feelTwitter.app */ = {isa = PBXFileReference; explicitFileType = wrapper.application; includeInIndex = 0; path = feelTwitter.app; sourceTree = BUILT_PRODUCTS_DIR; };
		67CA8DD324EE4CA50072B23E /* AppDelegate.swift */ = {isa = PBXFileReference; lastKnownFileType = sourcecode.swift; path = AppDelegate.swift; sourceTree = "<group>"; };
		67CA8DD524EE4CA50072B23E /* SceneDelegate.swift */ = {isa = PBXFileReference; lastKnownFileType = sourcecode.swift; path = SceneDelegate.swift; sourceTree = "<group>"; };
		67CA8DD724EE4CA50072B23E /* ViewController.swift */ = {isa = PBXFileReference; lastKnownFileType = sourcecode.swift; path = ViewController.swift; sourceTree = "<group>"; };
		67CA8DDA24EE4CA50072B23E /* Base */ = {isa = PBXFileReference; lastKnownFileType = file.storyboard; name = Base; path = Base.lproj/Main.storyboard; sourceTree = "<group>"; };
		67CA8DDC24EE4CA70072B23E /* Assets.xcassets */ = {isa = PBXFileReference; lastKnownFileType = folder.assetcatalog; path = Assets.xcassets; sourceTree = "<group>"; };
		67CA8DDF24EE4CA70072B23E /* Base */ = {isa = PBXFileReference; lastKnownFileType = file.storyboard; name = Base; path = Base.lproj/LaunchScreen.storyboard; sourceTree = "<group>"; };
		67CA8DE124EE4CA70072B23E /* Info.plist */ = {isa = PBXFileReference; lastKnownFileType = text.plist.xml; path = Info.plist; sourceTree = "<group>"; };
/* End PBXFileReference section */

/* Begin PBXFrameworksBuildPhase section */
		67CA8DCD24EE4CA50072B23E /* Frameworks */ = {
			isa = PBXFrameworksBuildPhase;
			buildActionMask = 2147483647;
			files = (
			);
			runOnlyForDeploymentPostprocessing = 0;
		};
/* End PBXFrameworksBuildPhase section */

/* Begin PBXGroup section */
		67CA8DC724EE4CA50072B23E = {
			isa = PBXGroup;
			children = (
				67CA8DD224EE4CA50072B23E /* feelTwitter */,
				67CA8DD124EE4CA50072B23E /* Products */,
			);
			sourceTree = "<group>";
		};
		67CA8DD124EE4CA50072B23E /* Products */ = {
			isa = PBXGroup;
			children = (
				67CA8DD024EE4CA50072B23E /* feelTwitter.app */,
			);
			name = Products;
			sourceTree = "<group>";
		};
		67CA8DD224EE4CA50072B23E /* feelTwitter */ = {
			isa = PBXGroup;
			children = (
				67CA8DD324EE4CA50072B23E /* AppDelegate.swift */,
				67CA8DD524EE4CA50072B23E /* SceneDelegate.swift */,
				67CA8DD724EE4CA50072B23E /* ViewController.swift */,
				67CA8DD924EE4CA50072B23E /* Main.storyboard */,
				67CA8DDC24EE4CA70072B23E /* Assets.xcassets */,
				67CA8DDE24EE4CA70072B23E /* LaunchScreen.storyboard */,
				67CA8DE124EE4CA70072B23E /* Info.plist */,
			);
			path = feelTwitter;
			sourceTree = "<group>";
		};
/* End PBXGroup section */

/* Begin PBXNativeTarget section */
		67CA8DCF24EE4CA50072B23E /* feelTwitter */ = {
			isa = PBXNativeTarget;
			buildConfigurationList = 67CA8DE424EE4CA70072B23E /* Build configuration list for PBXNativeTarget "feelTwitter" */;
			buildPhases = (
				67CA8DCC24EE4CA50072B23E /* Sources */,
				67CA8DCD24EE4CA50072B23E /* Frameworks */,
				67CA8DCE24EE4CA50072B23E /* Resources */,
			);
			buildRules = (
			);
			dependencies = (
			);
			name = feelTwitter;
			productName = feelTwitter;
			productReference = 67CA8DD024EE4CA50072B23E /* feelTwitter.app */;
			productType = "com.apple.product-type.application";
		};
/* End PBXNativeTarget section */

/* Begin PBXProject section */
		67CA8DC824EE4CA50072B23E /* Project object */ = {
			isa = PBXProject;
			attributes = {
				LastSwiftUpdateCheck = 1160;
				LastUpgradeCheck = 1160;
				ORGANIZATIONNAME = "Kishlay Chhajer";
				TargetAttributes = {
					67CA8DCF24EE4CA50072B23E = {
						CreatedOnToolsVersion = 11.6;
					};
				};
			};
			buildConfigurationList = 67CA8DCB24EE4CA50072B23E /* Build configuration list for PBXProject "feelTwitter" */;
			compatibilityVersion = "Xcode 9.3";
			developmentRegion = en;
			hasScannedForEncodings = 0;
			knownRegions = (
				en,
				Base,
			);
			mainGroup = 67CA8DC724EE4CA50072B23E;
			productRefGroup = 67CA8DD124EE4CA50072B23E /* Products */;
			projectDirPath = "";
			projectRoot = "";
			targets = (
				67CA8DCF24EE4CA50072B23E /* feelTwitter */,
			);
		};
/* End PBXProject section */

/* Begin PBXResourcesBuildPhase section */
		67CA8DCE24EE4CA50072B23E /* Resources */ = {
			isa = PBXResourcesBuildPhase;
			buildActionMask = 2147483647;
			files = (
				67CA8DE024EE4CA70072B23E /* LaunchScreen.storyboard in Resources */,
				67CA8DDD24EE4CA70072B23E /* Assets.xcassets in Resources */,
				67CA8DDB24EE4CA50072B23E /* Main.storyboard in Resources */,
			);
			runOnlyForDeploymentPostprocessing = 0;
		};
/* End PBXResourcesBuildPhase section */

/* Begin PBXSourcesBuildPhase section */
		67CA8DCC24EE4CA50072B23E /* Sources */ = {
			isa = PBXSourcesBuildPhase;
			buildActionMask = 2147483647;
			files = (
				67CA8DD824EE4CA50072B23E /* ViewController.swift in Sources */,
				67CA8DD424EE4CA50072B23E /* AppDelegate.swift in Sources */,
				67CA8DD624EE4CA50072B23E /* SceneDelegate.swift in Sources */,
			);
			runOnlyForDeploymentPostprocessing = 0;
		};
/* End PBXSourcesBuildPhase section */

/* Begin PBXVariantGroup section */
		67CA8DD924EE4CA50072B23E /* Main.storyboard */ = {
			isa = PBXVariantGroup;
			children = (
				67CA8DDA24EE4CA50072B23E /* Base */,
			);
			name = Main.storyboard;
			sourceTree = "<group>";
		};
		67CA8DDE24EE4CA70072B23E /* LaunchScreen.storyboard */ = {
			isa = PBXVariantGroup;
			children = (
				67CA8DDF24EE4CA70072B23E /* Base */,
			);
			name = LaunchScreen.storyboard;
			sourceTree = "<group>";
		};
/* End PBXVariantGroup section */

/* Begin XCBuildConfiguration section */
		67CA8DE224EE4CA70072B23E /* Debug */ = {
			isa = XCBuildConfiguration;
			buildSettings = {
				ALWAYS_SEARCH_USER_PATHS = NO;
				CLANG_ANALYZER_NONNULL = YES;
				CLANG_ANALYZER_NUMBER_OBJECT_CONVERSION = YES_AGGRESSIVE;
				CLANG_CXX_LANGUAGE_STANDARD = "gnu++14";
				CLANG_CXX_LIBRARY = "libc++";
				CLANG_ENABLE_MODULES = YES;
				CLANG_ENABLE_OBJC_ARC = YES;
				CLANG_ENABLE_OBJC_WEAK = YES;
				CLANG_WARN_BLOCK_CAPTURE_AUTORELEASING = YES;
				CLANG_WARN_BOOL_CONVERSION = YES;
				CLANG_WARN_COMMA = YES;
				CLANG_WARN_CONSTANT_CONVERSION = YES;
				CLANG_WARN_DEPRECATED_OBJC_IMPLEMENTATIONS = YES;
				CLANG_WARN_DIRECT_OBJC_ISA_USAGE = YES_ERROR;
				CLANG_WARN_DOCUMENTATION_COMMENTS = YES;
				CLANG_WARN_EMPTY_BODY = YES;
				CLANG_WARN_ENUM_CONVERSION = YES;
				CLANG_WARN_INFINITE_RECURSION = YES;
				CLANG_WARN_INT_CONVERSION = YES;
				CLANG_WARN_NON_LITERAL_NULL_CONVERSION = YES;
				CLANG_WARN_OBJC_IMPLICIT_RETAIN_SELF = YES;
				CLANG_WARN_OBJC_LITERAL_CONVERSION = YES;
				CLANG_WARN_OBJC_ROOT_CLASS = YES_ERROR;
				CLANG_WARN_RANGE_LOOP_ANALYSIS = YES;
				CLANG_WARN_STRICT_PROTOTYPES = YES;
				CLANG_WARN_SUSPICIOUS_MOVE = YES;
				CLANG_WARN_UNGUARDED_AVAILABILITY = YES_AGGRESSIVE;
				CLANG_WARN_UNREACHABLE_CODE = YES;
				CLANG_WARN__DUPLICATE_METHOD_MATCH = YES;
				COPY_PHASE_STRIP = NO;
				DEBUG_INFORMATION_FORMAT = dwarf;
				ENABLE_STRICT_OBJC_MSGSEND = YES;
				ENABLE_TESTABILITY = YES;
				GCC_C_LANGUAGE_STANDARD = gnu11;
				GCC_DYNAMIC_NO_PIC = NO;
				GCC_NO_COMMON_BLOCKS = YES;
				GCC_OPTIMIZATION_LEVEL = 0;
				GCC_PREPROCESSOR_DEFINITIONS = (
					"DEBUG=1",
					"$(inherited)",
				);
				GCC_WARN_64_TO_32_BIT_CONVERSION = YES;
				GCC_WARN_ABOUT_RETURN_TYPE = YES_ERROR;
				GCC_WARN_UNDECLARED_SELECTOR = YES;
				GCC_WARN_UNINITIALIZED_AUTOS = YES_AGGRESSIVE;
				GCC_WARN_UNUSED_FUNCTION = YES;
				GCC_WARN_UNUSED_VARIABLE = YES;
				IPHONEOS_DEPLOYMENT_TARGET = 13.6;
				MTL_ENABLE_DEBUG_INFO = INCLUDE_SOURCE;
				MTL_FAST_MATH = YES;
				ONLY_ACTIVE_ARCH = YES;
				SDKROOT = iphoneos;
				SWIFT_ACTIVE_COMPILATION_CONDITIONS = DEBUG;
				SWIFT_OPTIMIZATION_LEVEL = "-Onone";
			};
			name = Debug;
		};
		67CA8DE324EE4CA70072B23E /* Release */ = {
			isa = XCBuildConfiguration;
			buildSettings = {
				ALWAYS_SEARCH_USER_PATHS = NO;
				CLANG_ANALYZER_NONNULL = YES;
				CLANG_ANALYZER_NUMBER_OBJECT_CONVERSION = YES_AGGRESSIVE;
				CLANG_CXX_LANGUAGE_STANDARD = "gnu++14";
				CLANG_CXX_LIBRARY = "libc++";
				CLANG_ENABLE_MODULES = YES;
				CLANG_ENABLE_OBJC_ARC = YES;
				CLANG_ENABLE_OBJC_WEAK = YES;
				CLANG_WARN_BLOCK_CAPTURE_AUTORELEASING = YES;
				CLANG_WARN_BOOL_CONVERSION = YES;
				CLANG_WARN_COMMA = YES;
				CLANG_WARN_CONSTANT_CONVERSION = YES;
				CLANG_WARN_DEPRECATED_OBJC_IMPLEMENTATIONS = YES;
				CLANG_WARN_DIRECT_OBJC_ISA_USAGE = YES_ERROR;
				CLANG_WARN_DOCUMENTATION_COMMENTS = YES;
				CLANG_WARN_EMPTY_BODY = YES;
				CLANG_WARN_ENUM_CONVERSION = YES;
				CLANG_WARN_INFINITE_RECURSION = YES;
				CLANG_WARN_INT_CONVERSION = YES;
				CLANG_WARN_NON_LITERAL_NULL_CONVERSION = YES;
				CLANG_WARN_OBJC_IMPLICIT_RETAIN_SELF = YES;
				CLANG_WARN_OBJC_LITERAL_CONVERSION = YES;
				CLANG_WARN_OBJC_ROOT_CLASS = YES_ERROR;
				CLANG_WARN_RANGE_LOOP_ANALYSIS = YES;
				CLANG_WARN_STRICT_PROTOTYPES = YES;
				CLANG_WARN_SUSPICIOUS_MOVE = YES;
				CLANG_WARN_UNGUARDED_AVAILABILITY = YES_AGGRESSIVE;
				CLANG_WARN_UNREACHABLE_CODE = YES;
				CLANG_WARN__DUPLICATE_METHOD_MATCH = YES;
				COPY_PHASE_STRIP = NO;
				DEBUG_INFORMATION_FORMAT = "dwarf-with-dsym";
				ENABLE_NS_ASSERTIONS = NO;
				ENABLE_STRICT_OBJC_MSGSEND = YES;
				GCC_C_LANGUAGE_STANDARD = gnu11;
				GCC_NO_COMMON_BLOCKS = YES;
				GCC_WARN_64_TO_32_BIT_CONVERSION = YES;
				GCC_WARN_ABOUT_RETURN_TYPE = YES_ERROR;
				GCC_WARN_UNDECLARED_SELECTOR = YES;
				GCC_WARN_UNINITIALIZED_AUTOS = YES_AGGRESSIVE;
				GCC_WARN_UNUSED_FUNCTION = YES;
				GCC_WARN_UNUSED_VARIABLE = YES;
				IPHONEOS_DEPLOYMENT_TARGET = 13.6;
				MTL_ENABLE_DEBUG_INFO = NO;
				MTL_FAST_MATH = YES;
				SDKROOT = iphoneos;
				SWIFT_COMPILATION_MODE = wholemodule;
				SWIFT_OPTIMIZATION_LEVEL = "-O";
				VALIDATE_PRODUCT = YES;
			};
			name = Release;
		};
		67CA8DE524EE4CA70072B23E /* Debug */ = {
			isa = XCBuildConfiguration;
			buildSettings = {
				ASSETCATALOG_COMPILER_APPICON_NAME = AppIcon;
				CODE_SIGN_STYLE = Automatic;
				DEVELOPMENT_TEAM = V7837DR343;
				INFOPLIST_FILE = feelTwitter/Info.plist;
				LD_RUNPATH_SEARCH_PATHS = (
					"$(inherited)",
					"@executable_path/Frameworks",
				);
				PRODUCT_BUNDLE_IDENTIFIER = com.kishlaychhajer.feelTwitter;
				PRODUCT_NAME = "$(TARGET_NAME)";
				SWIFT_VERSION = 5.0;
				TARGETED_DEVICE_FAMILY = "1,2";
			};
			name = Debug;
		};
		67CA8DE624EE4CA70072B23E /* Release */ = {
			isa = XCBuildConfiguration;
			buildSettings = {
				ASSETCATALOG_COMPILER_APPICON_NAME = AppIcon;
				CODE_SIGN_STYLE = Automatic;
				DEVELOPMENT_TEAM = V7837DR343;
				INFOPLIST_FILE = feelTwitter/Info.plist;
				LD_RUNPATH_SEARCH_PATHS = (
					"$(inherited)",
					"@executable_path/Frameworks",
				);
				PRODUCT_BUNDLE_IDENTIFIER = com.kishlaychhajer.feelTwitter;
				PRODUCT_NAME = "$(TARGET_NAME)";
				SWIFT_VERSION = 5.0;
				TARGETED_DEVICE_FAMILY = "1,2";
			};
			name = Release;
		};
/* End XCBuildConfiguration section */

/* Begin XCConfigurationList section */
		67CA8DCB24EE4CA50072B23E /* Build configuration list for PBXProject "feelTwitter" */ = {
			isa = XCConfigurationList;
			buildConfigurations = (
				67CA8DE224EE4CA70072B23E /* Debug */,
				67CA8DE324EE4CA70072B23E /* Release */,
			);
			defaultConfigurationIsVisible = 0;
			defaultConfigurationName = Release;
		};
		67CA8DE424EE4CA70072B23E /* Build configuration list for PBXNativeTarget "feelTwitter" */ = {
			isa = XCConfigurationList;
			buildConfigurations = (
				67CA8DE524EE4CA70072B23E /* Debug */,
				67CA8DE624EE4CA70072B23E /* Release */,
			);
			defaultConfigurationIsVisible = 0;
			defaultConfigurationName = Release;
		};
/* End XCConfigurationList section */
	};
	rootObject = 67CA8DC824EE4CA50072B23E /* Project object */;
}
