// !$*UTF8*$!
{
	archiveVersion = 1;
	classes = {
	};
	objectVersion = 51;
	objects = {

/* Begin PBXBuildFile section */
		67CA8DD424EE4CA50072B23E /* AppDelegate.swift in Sources */ = {isa = PBXBuildFile; fileRef = 67CA8DD324EE4CA50072B23E /* AppDelegate.swift */; };
		67CA8DD624EE4CA50072B23E /* SceneDelegate.swift in Sources */ = {isa = PBXBuildFile; fileRef = 67CA8DD524EE4CA50072B23E /* SceneDelegate.swift */; };
		67CA8DD824EE4CA50072B23E /* ViewController.swift in Sources */ = {isa = PBXBuildFile; fileRef = 67CA8DD724EE4CA50072B23E /* ViewController.swift */; };
		67CA8DDB24EE4CA50072B23E /* Main.storyboard in Resources */ = {isa = PBXBuildFile; fileRef = 67CA8DD924EE4CA50072B23E /* Main.storyboard */; };
		67CA8DDD24EE4CA70072B23E /* Assets.xcassets in Resources */ = {isa = PBXBuildFile; fileRef = 67CA8DDC24EE4CA70072B23E /* Assets.xcassets */; };
		67CA8DE024EE4CA70072B23E /* LaunchScreen.storyboard in Resources */ = {isa = PBXBuildFile; fileRef = 67CA8DDE24EE4CA70072B23E /* LaunchScreen.storyboard */; };
		67DCF24924EE8018002AF616 /* SentimentClassifier.mlmodel in Sources */ = {isa = PBXBuildFile; fileRef = 67DCF24824EE8018002AF616 /* SentimentClassifier.mlmodel */; };
		67FBD22A24EE708F008D467B /* SwifteriOS.framework in Frameworks */ = {isa = PBXBuildFile; fileRef = 67FBD22024EE7017008D467B /* SwifteriOS.framework */; };
		67FBD22B24EE708F008D467B /* SwifteriOS.framework in Embed Frameworks */ = {isa = PBXBuildFile; fileRef = 67FBD22024EE7017008D467B /* SwifteriOS.framework */; settings = {ATTRIBUTES = (CodeSignOnCopy, RemoveHeadersOnCopy, ); }; };
		ADB4B5D9282EFF8EFB955AA1 /* Pods_feelTwitter.framework in Frameworks */ = {isa = PBXBuildFile; fileRef = 53F33110F41B6E1861AA33F5 /* Pods_feelTwitter.framework */; };
/* End PBXBuildFile section */

/* Begin PBXContainerItemProxy section */
		67FBD21F24EE7017008D467B /* PBXContainerItemProxy */ = {
			isa = PBXContainerItemProxy;
			containerPortal = 67FBD21724EE7017008D467B /* Swifter.xcodeproj */;
			proxyType = 2;
			remoteGlobalIDString = 8B9F50EE1944A5AB00894629;
			remoteInfo = SwifteriOS;
		};
		67FBD22124EE7017008D467B /* PBXContainerItemProxy */ = {
			isa = PBXContainerItemProxy;
			containerPortal = 67FBD21724EE7017008D467B /* Swifter.xcodeproj */;
			proxyType = 2;
			remoteGlobalIDString = 8B9F51131944A61D00894629;
			remoteInfo = SwifterMac;
		};
		67FBD22324EE7017008D467B /* PBXContainerItemProxy */ = {
			isa = PBXContainerItemProxy;
			containerPortal = 67FBD21724EE7017008D467B /* Swifter.xcodeproj */;
			proxyType = 2;
			remoteGlobalIDString = 8B300C1F1944AA1A00993175;
			remoteInfo = SwifterDemoiOS;
		};
		67FBD22524EE7017008D467B /* PBXContainerItemProxy */ = {
			isa = PBXContainerItemProxy;
			containerPortal = 67FBD21724EE7017008D467B /* Swifter.xcodeproj */;
			proxyType = 2;
			remoteGlobalIDString = 8B300C471944AECB00993175;
			remoteInfo = SwifterDemoMac;
		};
		67FBD22724EE7017008D467B /* PBXContainerItemProxy */ = {
			isa = PBXContainerItemProxy;
			containerPortal = 67FBD21724EE7017008D467B /* Swifter.xcodeproj */;
			proxyType = 2;
			remoteGlobalIDString = F6B4D5751C7BAC4500E06514;
			remoteInfo = SwifterTests;
		};
/* End PBXContainerItemProxy section */

/* Begin PBXCopyFilesBuildPhase section */
		67FBD22C24EE708F008D467B /* Embed Frameworks */ = {
			isa = PBXCopyFilesBuildPhase;
			buildActionMask = 2147483647;
			dstPath = "";
			dstSubfolderSpec = 10;
			files = (
				67FBD22B24EE708F008D467B /* SwifteriOS.framework in Embed Frameworks */,
			);
			name = "Embed Frameworks";
			runOnlyForDeploymentPostprocessing = 0;
		};
/* End PBXCopyFilesBuildPhase section */

/* Begin PBXFileReference section */
		53F33110F41B6E1861AA33F5 /* Pods_feelTwitter.framework */ = {isa = PBXFileReference; explicitFileType = wrapper.framework; includeInIndex = 0; path = Pods_feelTwitter.framework; sourceTree = BUILT_PRODUCTS_DIR; };
		67CA8DD024EE4CA50072B23E /* feelTwitter.app */ = {isa = PBXFileReference; explicitFileType = wrapper.application; includeInIndex = 0; path = feelTwitter.app; sourceTree = BUILT_PRODUCTS_DIR; };
		67CA8DD324EE4CA50072B23E /* AppDelegate.swift */ = {isa = PBXFileReference; lastKnownFileType = sourcecode.swift; path = AppDelegate.swift; sourceTree = "<group>"; };
		67CA8DD524EE4CA50072B23E /* SceneDelegate.swift */ = {isa = PBXFileReference; lastKnownFileType = sourcecode.swift; path = SceneDelegate.swift; sourceTree = "<group>"; };
		67CA8DD724EE4CA50072B23E /* ViewController.swift */ = {isa = PBXFileReference; lastKnownFileType = sourcecode.swift; path = ViewController.swift; sourceTree = "<group>"; };
		67CA8DDA24EE4CA50072B23E /* Base */ = {isa = PBXFileReference; lastKnownFileType = file.storyboard; name = Base; path = Base.lproj/Main.storyboard; sourceTree = "<group>"; };
		67CA8DDC24EE4CA70072B23E /* Assets.xcassets */ = {isa = PBXFileReference; lastKnownFileType = folder.assetcatalog; path = Assets.xcassets; sourceTree = "<group>"; };
		67CA8DDF24EE4CA70072B23E /* Base */ = {isa = PBXFileReference; lastKnownFileType = file.storyboard; name = Base; path = Base.lproj/LaunchScreen.storyboard; sourceTree = "<group>"; };
		67CA8DE124EE4CA70072B23E /* Info.plist */ = {isa = PBXFileReference; lastKnownFileType = text.plist.xml; path = Info.plist; sourceTree = "<group>"; };
		67DCF24824EE8018002AF616 /* SentimentClassifier.mlmodel */ = {isa = PBXFileReference; lastKnownFileType = file.mlmodel; path = SentimentClassifier.mlmodel; sourceTree = SOURCE_ROOT; };
		67FBD21724EE7017008D467B /* Swifter.xcodeproj */ = {isa = PBXFileReference; lastKnownFileType = "wrapper.pb-project"; name = Swifter.xcodeproj; path = ../../../Documents/Swifter/Swifter.xcodeproj; sourceTree = "<group>"; };
		AB7D94C02A3606D66DFC8EB6 /* Pods-feelTwitter.debug.xcconfig */ = {isa = PBXFileReference; includeInIndex = 1; lastKnownFileType = text.xcconfig; name = "Pods-feelTwitter.debug.xcconfig"; path = "Target Support Files/Pods-feelTwitter/Pods-feelTwitter.debug.xcconfig"; sourceTree = "<group>"; };
		DEB052B43FAC96B559D8006D /* Pods-feelTwitter.release.xcconfig */ = {isa = PBXFileReference; includeInIndex = 1; lastKnownFileType = text.xcconfig; name = "Pods-feelTwitter.release.xcconfig"; path = "Target Support Files/Pods-feelTwitter/Pods-feelTwitter.release.xcconfig"; sourceTree = "<group>"; };
/* End PBXFileReference section */

/* Begin PBXFrameworksBuildPhase section */
		67CA8DCD24EE4CA50072B23E /* Frameworks */ = {
			isa = PBXFrameworksBuildPhase;
			buildActionMask = 2147483647;
			files = (
				67FBD22A24EE708F008D467B /* SwifteriOS.framework in Frameworks */,
				ADB4B5D9282EFF8EFB955AA1 /* Pods_feelTwitter.framework in Frameworks */,
			);
			runOnlyForDeploymentPostprocessing = 0;
		};
/* End PBXFrameworksBuildPhase section */

/* Begin PBXGroup section */
		258C80E70E4973153B1DDF9A /* Pods */ = {
			isa = PBXGroup;
			children = (
				AB7D94C02A3606D66DFC8EB6 /* Pods-feelTwitter.debug.xcconfig */,
				DEB052B43FAC96B559D8006D /* Pods-feelTwitter.release.xcconfig */,
			);
			path = Pods;
			sourceTree = "<group>";
		};
		67CA8DC724EE4CA50072B23E = {
			isa = PBXGroup;
			children = (
				67FBD21724EE7017008D467B /* Swifter.xcodeproj */,
				67CA8DD224EE4CA50072B23E /* feelTwitter */,
				67CA8DD124EE4CA50072B23E /* Products */,
				67FBD22924EE708F008D467B /* Frameworks */,
				258C80E70E4973153B1DDF9A /* Pods */,
			);
			sourceTree = "<group>";
		};
		67CA8DD124EE4CA50072B23E /* Products */ = {
			isa = PBXGroup;
			children = (
				67CA8DD024EE4CA50072B23E /* feelTwitter.app */,
			);
			name = Products;
			sourceTree = "<group>";
		};
		67CA8DD224EE4CA50072B23E /* feelTwitter */ = {
			isa = PBXGroup;
			children = (
				67CA8DD324EE4CA50072B23E /* AppDelegate.swift */,
				67CA8DD524EE4CA50072B23E /* SceneDelegate.swift */,
				67CA8DD724EE4CA50072B23E /* ViewController.swift */,
				67CA8DD924EE4CA50072B23E /* Main.storyboard */,
				67CA8DDC24EE4CA70072B23E /* Assets.xcassets */,
				67CA8DDE24EE4CA70072B23E /* LaunchScreen.storyboard */,
				67CA8DE124EE4CA70072B23E /* Info.plist */,
				67DCF24824EE8018002AF616 /* SentimentClassifier.mlmodel */,
			);
			path = feelTwitter;
			sourceTree = "<group>";
		};
		67FBD21824EE7017008D467B /* Products */ = {
			isa = PBXGroup;
			children = (
				67FBD22024EE7017008D467B /* SwifteriOS.framework */,
				67FBD22224EE7017008D467B /* SwifterMac.framework */,
				67FBD22424EE7017008D467B /* SwifterDemoiOS.app */,
				67FBD22624EE7017008D467B /* SwifterDemoMac.app */,
				67FBD22824EE7017008D467B /* SwifterTests.xctest */,
			);
			name = Products;
			sourceTree = "<group>";
		};
		67FBD22924EE708F008D467B /* Frameworks */ = {
			isa = PBXGroup;
			children = (
				53F33110F41B6E1861AA33F5 /* Pods_feelTwitter.framework */,
			);
			name = Frameworks;
			sourceTree = "<group>";
		};
/* End PBXGroup section */

/* Begin PBXNativeTarget section */
		67CA8DCF24EE4CA50072B23E /* feelTwitter */ = {
			isa = PBXNativeTarget;
			buildConfigurationList = 67CA8DE424EE4CA70072B23E /* Build configuration list for PBXNativeTarget "feelTwitter" */;
			buildPhases = (
				A520937F5AC1D0B16DDEFDA8 /* [CP] Check Pods Manifest.lock */,
				67CA8DCC24EE4CA50072B23E /* Sources */,
				67CA8DCD24EE4CA50072B23E /* Frameworks */,
				67CA8DCE24EE4CA50072B23E /* Resources */,
				67FBD22C24EE708F008D467B /* Embed Frameworks */,
				6D7248A86A3E7C9868B5777D /* [CP] Embed Pods Frameworks */,
			);
			buildRules = (
			);
			dependencies = (
			);
			name = feelTwitter;
			productName = feelTwitter;
			productReference = 67CA8DD024EE4CA50072B23E /* feelTwitter.app */;
			productType = "com.apple.product-type.application";
		};
/* End PBXNativeTarget section */

/* Begin PBXProject section */
		67CA8DC824EE4CA50072B23E /* Project object */ = {
			isa = PBXProject;
			attributes = {
				LastSwiftUpdateCheck = 1160;
				LastUpgradeCheck = 1160;
				ORGANIZATIONNAME = "Kishlay Chhajer";
				TargetAttributes = {
					67CA8DCF24EE4CA50072B23E = {
						CreatedOnToolsVersion = 11.6;
					};
				};
			};
			buildConfigurationList = 67CA8DCB24EE4CA50072B23E /* Build configuration list for PBXProject "feelTwitter" */;
			compatibilityVersion = "Xcode 9.3";
			developmentRegion = en;
			hasScannedForEncodings = 0;
			knownRegions = (
				en,
				Base,
			);
			mainGroup = 67CA8DC724EE4CA50072B23E;
			productRefGroup = 67CA8DD124EE4CA50072B23E /* Products */;
			projectDirPath = "";
			projectReferences = (
				{
					ProductGroup = 67FBD21824EE7017008D467B /* Products */;
					ProjectRef = 67FBD21724EE7017008D467B /* Swifter.xcodeproj */;
				},
			);
			projectRoot = "";
			targets = (
				67CA8DCF24EE4CA50072B23E /* feelTwitter */,
			);
		};
/* End PBXProject section */

/* Begin PBXReferenceProxy section */
		67FBD22024EE7017008D467B /* SwifteriOS.framework */ = {
			isa = PBXReferenceProxy;
			fileType = wrapper.framework;
			path = SwifteriOS.framework;
			remoteRef = 67FBD21F24EE7017008D467B /* PBXContainerItemProxy */;
			sourceTree = BUILT_PRODUCTS_DIR;
		};
		67FBD22224EE7017008D467B /* SwifterMac.framework */ = {
			isa = PBXReferenceProxy;
			fileType = wrapper.framework;
			path = SwifterMac.framework;
			remoteRef = 67FBD22124EE7017008D467B /* PBXContainerItemProxy */;
			sourceTree = BUILT_PRODUCTS_DIR;
		};
		67FBD22424EE7017008D467B /* SwifterDemoiOS.app */ = {
			isa = PBXReferenceProxy;
			fileType = wrapper.application;
			path = SwifterDemoiOS.app;
			remoteRef = 67FBD22324EE7017008D467B /* PBXContainerItemProxy */;
			sourceTree = BUILT_PRODUCTS_DIR;
		};
		67FBD22624EE7017008D467B /* SwifterDemoMac.app */ = {
			isa = PBXReferenceProxy;
			fileType = wrapper.application;
			path = SwifterDemoMac.app;
			remoteRef = 67FBD22524EE7017008D467B /* PBXContainerItemProxy */;
			sourceTree = BUILT_PRODUCTS_DIR;
		};
		67FBD22824EE7017008D467B /* SwifterTests.xctest */ = {
			isa = PBXReferenceProxy;
			fileType = wrapper.cfbundle;
			path = SwifterTests.xctest;
			remoteRef = 67FBD22724EE7017008D467B /* PBXContainerItemProxy */;
			sourceTree = BUILT_PRODUCTS_DIR;
		};
/* End PBXReferenceProxy section */

/* Begin PBXResourcesBuildPhase section */
		67CA8DCE24EE4CA50072B23E /* Resources */ = {
			isa = PBXResourcesBuildPhase;
			buildActionMask = 2147483647;
			files = (
				67CA8DE024EE4CA70072B23E /* LaunchScreen.storyboard in Resources */,
				67CA8DDD24EE4CA70072B23E /* Assets.xcassets in Resources */,
				67CA8DDB24EE4CA50072B23E /* Main.storyboard in Resources */,
			);
			runOnlyForDeploymentPostprocessing = 0;
		};
/* End PBXResourcesBuildPhase section */

/* Begin PBXShellScriptBuildPhase section */
		6D7248A86A3E7C9868B5777D /* [CP] Embed Pods Frameworks */ = {
			isa = PBXShellScriptBuildPhase;
			buildActionMask = 2147483647;
			files = (
			);
			inputFileListPaths = (
				"${PODS_ROOT}/Target Support Files/Pods-feelTwitter/Pods-feelTwitter-frameworks-${CONFIGURATION}-input-files.xcfilelist",
			);
			name = "[CP] Embed Pods Frameworks";
			outputFileListPaths = (
				"${PODS_ROOT}/Target Support Files/Pods-feelTwitter/Pods-feelTwitter-frameworks-${CONFIGURATION}-output-files.xcfilelist",
			);
			runOnlyForDeploymentPostprocessing = 0;
			shellPath = /bin/sh;
			shellScript = "\"${PODS_ROOT}/Target Support Files/Pods-feelTwitter/Pods-feelTwitter-frameworks.sh\"\n";
			showEnvVarsInLog = 0;
		};
		A520937F5AC1D0B16DDEFDA8 /* [CP] Check Pods Manifest.lock */ = {
			isa = PBXShellScriptBuildPhase;
			buildActionMask = 2147483647;
			files = (
			);
			inputFileListPaths = (
			);
			inputPaths = (
				"${PODS_PODFILE_DIR_PATH}/Podfile.lock",
				"${PODS_ROOT}/Manifest.lock",
			);
			name = "[CP] Check Pods Manifest.lock";
			outputFileListPaths = (
			);
			outputPaths = (
				"$(DERIVED_FILE_DIR)/Pods-feelTwitter-checkManifestLockResult.txt",
			);
			runOnlyForDeploymentPostprocessing = 0;
			shellPath = /bin/sh;
			shellScript = "diff \"${PODS_PODFILE_DIR_PATH}/Podfile.lock\" \"${PODS_ROOT}/Manifest.lock\" > /dev/null\nif [ $? != 0 ] ; then\n    # print error to STDERR\n    echo \"error: The sandbox is not in sync with the Podfile.lock. Run 'pod install' or update your CocoaPods installation.\" >&2\n    exit 1\nfi\n# This output is used by Xcode 'outputs' to avoid re-running this script phase.\necho \"SUCCESS\" > \"${SCRIPT_OUTPUT_FILE_0}\"\n";
			showEnvVarsInLog = 0;
		};
/* End PBXShellScriptBuildPhase section */

/* Begin PBXSourcesBuildPhase section */
		67CA8DCC24EE4CA50072B23E /* Sources */ = {
			isa = PBXSourcesBuildPhase;
			buildActionMask = 2147483647;
			files = (
				67CA8DD824EE4CA50072B23E /* ViewController.swift in Sources */,
				67CA8DD424EE4CA50072B23E /* AppDelegate.swift in Sources */,
				67CA8DD624EE4CA50072B23E /* SceneDelegate.swift in Sources */,
				67DCF24924EE8018002AF616 /* SentimentClassifier.mlmodel in Sources */,
			);
			runOnlyForDeploymentPostprocessing = 0;
		};
/* End PBXSourcesBuildPhase section */

/* Begin PBXVariantGroup section */
		67CA8DD924EE4CA50072B23E /* Main.storyboard */ = {
			isa = PBXVariantGroup;
			children = (
				67CA8DDA24EE4CA50072B23E /* Base */,
			);
			name = Main.storyboard;
			sourceTree = "<group>";
		};
		67CA8DDE24EE4CA70072B23E /* LaunchScreen.storyboard */ = {
			isa = PBXVariantGroup;
			children = (
				67CA8DDF24EE4CA70072B23E /* Base */,
			);
			name = LaunchScreen.storyboard;
			sourceTree = "<group>";
		};
/* End PBXVariantGroup section */

/* Begin XCBuildConfiguration section */
		67CA8DE224EE4CA70072B23E /* Debug */ = {
			isa = XCBuildConfiguration;
			buildSettings = {
				ALWAYS_SEARCH_USER_PATHS = NO;
				CLANG_ANALYZER_NONNULL = YES;
				CLANG_ANALYZER_NUMBER_OBJECT_CONVERSION = YES_AGGRESSIVE;
				CLANG_CXX_LANGUAGE_STANDARD = "gnu++14";
				CLANG_CXX_LIBRARY = "libc++";
				CLANG_ENABLE_MODULES = YES;
				CLANG_ENABLE_OBJC_ARC = YES;
				CLANG_ENABLE_OBJC_WEAK = YES;
				CLANG_WARN_BLOCK_CAPTURE_AUTORELEASING = YES;
				CLANG_WARN_BOOL_CONVERSION = YES;
				CLANG_WARN_COMMA = YES;
				CLANG_WARN_CONSTANT_CONVERSION = YES;
				CLANG_WARN_DEPRECATED_OBJC_IMPLEMENTATIONS = YES;
				CLANG_WARN_DIRECT_OBJC_ISA_USAGE = YES_ERROR;
				CLANG_WARN_DOCUMENTATION_COMMENTS = YES;
				CLANG_WARN_EMPTY_BODY = YES;
				CLANG_WARN_ENUM_CONVERSION = YES;
				CLANG_WARN_INFINITE_RECURSION = YES;
				CLANG_WARN_INT_CONVERSION = YES;
				CLANG_WARN_NON_LITERAL_NULL_CONVERSION = YES;
				CLANG_WARN_OBJC_IMPLICIT_RETAIN_SELF = YES;
				CLANG_WARN_OBJC_LITERAL_CONVERSION = YES;
				CLANG_WARN_OBJC_ROOT_CLASS = YES_ERROR;
				CLANG_WARN_RANGE_LOOP_ANALYSIS = YES;
				CLANG_WARN_STRICT_PROTOTYPES = YES;
				CLANG_WARN_SUSPICIOUS_MOVE = YES;
				CLANG_WARN_UNGUARDED_AVAILABILITY = YES_AGGRESSIVE;
				CLANG_WARN_UNREACHABLE_CODE = YES;
				CLANG_WARN__DUPLICATE_METHOD_MATCH = YES;
				COPY_PHASE_STRIP = NO;
				DEBUG_INFORMATION_FORMAT = dwarf;
				ENABLE_STRICT_OBJC_MSGSEND = YES;
				ENABLE_TESTABILITY = YES;
				GCC_C_LANGUAGE_STANDARD = gnu11;
				GCC_DYNAMIC_NO_PIC = NO;
				GCC_NO_COMMON_BLOCKS = YES;
				GCC_OPTIMIZATION_LEVEL = 0;
				GCC_PREPROCESSOR_DEFINITIONS = (
					"DEBUG=1",
					"$(inherited)",
				);
				GCC_WARN_64_TO_32_BIT_CONVERSION = YES;
				GCC_WARN_ABOUT_RETURN_TYPE = YES_ERROR;
				GCC_WARN_UNDECLARED_SELECTOR = YES;
				GCC_WARN_UNINITIALIZED_AUTOS = YES_AGGRESSIVE;
				GCC_WARN_UNUSED_FUNCTION = YES;
				GCC_WARN_UNUSED_VARIABLE = YES;
				IPHONEOS_DEPLOYMENT_TARGET = 13.6;
				MTL_ENABLE_DEBUG_INFO = INCLUDE_SOURCE;
				MTL_FAST_MATH = YES;
				ONLY_ACTIVE_ARCH = YES;
				SDKROOT = iphoneos;
				SWIFT_ACTIVE_COMPILATION_CONDITIONS = DEBUG;
				SWIFT_OPTIMIZATION_LEVEL = "-Onone";
			};
			name = Debug;
		};
		67CA8DE324EE4CA70072B23E /* Release */ = {
			isa = XCBuildConfiguration;
			buildSettings = {
				ALWAYS_SEARCH_USER_PATHS = NO;
				CLANG_ANALYZER_NONNULL = YES;
				CLANG_ANALYZER_NUMBER_OBJECT_CONVERSION = YES_AGGRESSIVE;
				CLANG_CXX_LANGUAGE_STANDARD = "gnu++14";
				CLANG_CXX_LIBRARY = "libc++";
				CLANG_ENABLE_MODULES = YES;
				CLANG_ENABLE_OBJC_ARC = YES;
				CLANG_ENABLE_OBJC_WEAK = YES;
				CLANG_WARN_BLOCK_CAPTURE_AUTORELEASING = YES;
				CLANG_WARN_BOOL_CONVERSION = YES;
				CLANG_WARN_COMMA = YES;
				CLANG_WARN_CONSTANT_CONVERSION = YES;
				CLANG_WARN_DEPRECATED_OBJC_IMPLEMENTATIONS = YES;
				CLANG_WARN_DIRECT_OBJC_ISA_USAGE = YES_ERROR;
				CLANG_WARN_DOCUMENTATION_COMMENTS = YES;
				CLANG_WARN_EMPTY_BODY = YES;
				CLANG_WARN_ENUM_CONVERSION = YES;
				CLANG_WARN_INFINITE_RECURSION = YES;
				CLANG_WARN_INT_CONVERSION = YES;
				CLANG_WARN_NON_LITERAL_NULL_CONVERSION = YES;
				CLANG_WARN_OBJC_IMPLICIT_RETAIN_SELF = YES;
				CLANG_WARN_OBJC_LITERAL_CONVERSION = YES;
				CLANG_WARN_OBJC_ROOT_CLASS = YES_ERROR;
				CLANG_WARN_RANGE_LOOP_ANALYSIS = YES;
				CLANG_WARN_STRICT_PROTOTYPES = YES;
				CLANG_WARN_SUSPICIOUS_MOVE = YES;
				CLANG_WARN_UNGUARDED_AVAILABILITY = YES_AGGRESSIVE;
				CLANG_WARN_UNREACHABLE_CODE = YES;
				CLANG_WARN__DUPLICATE_METHOD_MATCH = YES;
				COPY_PHASE_STRIP = NO;
				DEBUG_INFORMATION_FORMAT = "dwarf-with-dsym";
				ENABLE_NS_ASSERTIONS = NO;
				ENABLE_STRICT_OBJC_MSGSEND = YES;
				GCC_C_LANGUAGE_STANDARD = gnu11;
				GCC_NO_COMMON_BLOCKS = YES;
				GCC_WARN_64_TO_32_BIT_CONVERSION = YES;
				GCC_WARN_ABOUT_RETURN_TYPE = YES_ERROR;
				GCC_WARN_UNDECLARED_SELECTOR = YES;
				GCC_WARN_UNINITIALIZED_AUTOS = YES_AGGRESSIVE;
				GCC_WARN_UNUSED_FUNCTION = YES;
				GCC_WARN_UNUSED_VARIABLE = YES;
				IPHONEOS_DEPLOYMENT_TARGET = 13.6;
				MTL_ENABLE_DEBUG_INFO = NO;
				MTL_FAST_MATH = YES;
				SDKROOT = iphoneos;
				SWIFT_COMPILATION_MODE = wholemodule;
				SWIFT_OPTIMIZATION_LEVEL = "-O";
				VALIDATE_PRODUCT = YES;
			};
			name = Release;
		};
		67CA8DE524EE4CA70072B23E /* Debug */ = {
			isa = XCBuildConfiguration;
			baseConfigurationReference = AB7D94C02A3606D66DFC8EB6 /* Pods-feelTwitter.debug.xcconfig */;
			buildSettings = {
				ASSETCATALOG_COMPILER_APPICON_NAME = AppIcon;
				CODE_SIGN_STYLE = Automatic;
				DEVELOPMENT_TEAM = V7837DR343;
				INFOPLIST_FILE = feelTwitter/Info.plist;
				LD_RUNPATH_SEARCH_PATHS = (
					"$(inherited)",
					"@executable_path/Frameworks",
				);
				PRODUCT_BUNDLE_IDENTIFIER = com.kishlaychhajer.feelTwitter;
				PRODUCT_NAME = "$(TARGET_NAME)";
				SWIFT_VERSION = 5.0;
				TARGETED_DEVICE_FAMILY = "1,2";
			};
			name = Debug;
		};
		67CA8DE624EE4CA70072B23E /* Release */ = {
			isa = XCBuildConfiguration;
			baseConfigurationReference = DEB052B43FAC96B559D8006D /* Pods-feelTwitter.release.xcconfig */;
			buildSettings = {
				ASSETCATALOG_COMPILER_APPICON_NAME = AppIcon;
				CODE_SIGN_STYLE = Automatic;
				DEVELOPMENT_TEAM = V7837DR343;
				INFOPLIST_FILE = feelTwitter/Info.plist;
				LD_RUNPATH_SEARCH_PATHS = (
					"$(inherited)",
					"@executable_path/Frameworks",
				);
				PRODUCT_BUNDLE_IDENTIFIER = com.kishlaychhajer.feelTwitter;
				PRODUCT_NAME = "$(TARGET_NAME)";
				SWIFT_VERSION = 5.0;
				TARGETED_DEVICE_FAMILY = "1,2";
			};
			name = Release;
		};
/* End XCBuildConfiguration section */

/* Begin XCConfigurationList section */
		67CA8DCB24EE4CA50072B23E /* Build configuration list for PBXProject "feelTwitter" */ = {
			isa = XCConfigurationList;
			buildConfigurations = (
				67CA8DE224EE4CA70072B23E /* Debug */,
				67CA8DE324EE4CA70072B23E /* Release */,
			);
			defaultConfigurationIsVisible = 0;
			defaultConfigurationName = Release;
		};
		67CA8DE424EE4CA70072B23E /* Build configuration list for PBXNativeTarget "feelTwitter" */ = {
			isa = XCConfigurationList;
			buildConfigurations = (
				67CA8DE524EE4CA70072B23E /* Debug */,
				67CA8DE624EE4CA70072B23E /* Release */,
			);
			defaultConfigurationIsVisible = 0;
			defaultConfigurationName = Release;
		};
/* End XCConfigurationList section */
	};
	rootObject = 67CA8DC824EE4CA50072B23E /* Project object */;
}
